[{<<"ej">>,
  {git,"https://github.com/seth/ej.git",
       {ref,"40821f7ab3d8746e8573e8542ad452d2b346ed7f"}},
  0},
 {<<"gpb">>,
  {git,"https://github.com/tomas-abrahamsson/gpb.git",
       {ref,"41e664d02688e7bb521f17bfb1964ff558b295af"}},
  0},
 {<<"jiffy">>,
  {git,"https://github.com/davisp/jiffy.git",
       {ref,"031f9dbbf6c31b83585569cd290504f006540a77"}},
  0},
 {<<"rebar3_gpb_plugin">>,
  {git,"https://github.com/lrascao/rebar3_gpb_plugin.git",
       {ref,"c9c1485d525974ad50b5d53619d97ed26723b1a1"}},
  0}].
